{
  "version": 4,
  "terraform_version": "1.5.0",
  "serial": 39,
  "lineage": "154fa32b-17e8-26ed-5581-3ebc4026cd4c",
  "outputs": {
    "cognito_client_id": {
      "value": "4somknb77kjs3bhub108qm05r7",
      "type": "string"
    },
    "cognito_user_pool_id": {
      "value": "ap-northeast-1_BbYcmFmd9",
      "type": "string"
    },
    "rest_api_url": {
      "value": "https://ua4uo081m4.execute-api.ap-northeast-1.amazonaws.com/node/movies",
      "type": "string"
    }
  },
  "resources": [
    {
      "module": "module.api_gateway",
      "mode": "managed",
      "type": "aws_api_gateway_authorizer",
      "name": "api_authorizer",
      "provider": "provider[\"registry.terraform.io/hashicorp/aws\"]",
      "instances": [
        {
          "schema_version": 0,
          "attributes": {
            "authorizer_credentials": "",
            "authorizer_result_ttl_in_seconds": 300,
            "authorizer_uri": "",
            "id": "uncdkm",
            "identity_source": "method.request.header.Authorization",
            "identity_validation_expression": "",
            "name": "CognitoUserPoolAuthorizer",
            "provider_arns": [
              "arn:aws:cognito-idp:ap-northeast-1:124718958862:userpool/ap-northeast-1_BbYcmFmd9"
            ],
            "rest_api_id": "ua4uo081m4",
            "type": "COGNITO_USER_POOLS"
          },
          "sensitive_attributes": [],
          "private": "bnVsbA==",
          "dependencies": [
            "module.api_gateway.aws_api_gateway_rest_api.rest_api",
            "module.cognito.aws_cognito_user_pool.user_pool",
            "module.lambda_function.aws_cloudwatch_log_group.lambda_log_group",
            "module.lambda_function.aws_iam_role.lambda_execution_role",
            "module.lambda_function.aws_iam_role_policy_attachment.lambda_policy",
            "module.lambda_function.aws_lambda_function.lambda_function",
            "module.lambda_function.aws_s3_object.lambda_code",
            "module.lambda_function.data.archive_file.lambda_code",
            "module.lambda_function.data.aws_s3_bucket.lambda_bucket"
          ]
        }
      ]
    },
    {
      "module": "module.api_gateway",
      "mode": "managed",
      "type": "aws_api_gateway_deployment",
      "name": "rest_api_deployment",
      "provider": "provider[\"registry.terraform.io/hashicorp/aws\"]",
      "instances": [
        {
          "schema_version": 0,
          "attributes": {
            "created_date": "2023-06-22T10:28:30Z",
            "description": "",
            "execution_arn": "arn:aws:execute-api:ap-northeast-1:124718958862:ua4uo081m4/",
            "id": "f887d3",
            "invoke_url": "https://ua4uo081m4.execute-api.ap-northeast-1.amazonaws.com/",
            "rest_api_id": "ua4uo081m4",
            "stage_description": null,
            "stage_name": null,
            "triggers": {
              "redeployment": "c0faaeb84c9ab35be60e68898855aa6a95645358"
            },
            "variables": null
          },
          "sensitive_attributes": [],
          "private": "bnVsbA==",
          "dependencies": [
            "module.api_gateway.aws_api_gateway_authorizer.api_authorizer",
            "module.api_gateway.aws_api_gateway_integration.rest_api_get_method_integration",
            "module.api_gateway.aws_api_gateway_method.rest_api_get_method",
            "module.api_gateway.aws_api_gateway_resource.rest_api_resource",
            "module.api_gateway.aws_api_gateway_rest_api.rest_api",
            "module.cognito.aws_cognito_user_pool.user_pool",
            "module.lambda_function.aws_cloudwatch_log_group.lambda_log_group",
            "module.lambda_function.aws_iam_role.lambda_execution_role",
            "module.lambda_function.aws_iam_role_policy_attachment.lambda_policy",
            "module.lambda_function.aws_lambda_function.lambda_function",
            "module.lambda_function.aws_s3_object.lambda_code",
            "module.lambda_function.data.archive_file.lambda_code",
            "module.lambda_function.data.aws_s3_bucket.lambda_bucket"
          ]
        }
      ]
    },
    {
      "module": "module.api_gateway",
      "mode": "managed",
      "type": "aws_api_gateway_integration",
      "name": "rest_api_get_method_integration",
      "provider": "provider[\"registry.terraform.io/hashicorp/aws\"]",
      "instances": [
        {
          "schema_version": 0,
          "attributes": {
            "cache_key_parameters": [],
            "cache_namespace": "4bl6ay",
            "connection_id": "",
            "connection_type": "INTERNET",
            "content_handling": "",
            "credentials": "",
            "http_method": "GET",
            "id": "agi-ua4uo081m4-4bl6ay-GET",
            "integration_http_method": "POST",
            "passthrough_behavior": "WHEN_NO_MATCH",
            "request_parameters": {},
            "request_templates": {},
            "resource_id": "4bl6ay",
            "rest_api_id": "ua4uo081m4",
            "timeout_milliseconds": 29000,
            "tls_config": [],
            "type": "AWS_PROXY",
            "uri": "arn:aws:apigateway:ap-northeast-1:lambda:path/2015-03-31/functions/arn:aws:lambda:ap-northeast-1:124718958862:function:MovieLambda/invocations"
          },
          "sensitive_attributes": [],
          "private": "bnVsbA==",
          "dependencies": [
            "module.api_gateway.aws_api_gateway_authorizer.api_authorizer",
            "module.api_gateway.aws_api_gateway_method.rest_api_get_method",
            "module.api_gateway.aws_api_gateway_resource.rest_api_resource",
            "module.api_gateway.aws_api_gateway_rest_api.rest_api",
            "module.cognito.aws_cognito_user_pool.user_pool",
            "module.lambda_function.aws_cloudwatch_log_group.lambda_log_group",
            "module.lambda_function.aws_iam_role.lambda_execution_role",
            "module.lambda_function.aws_iam_role_policy_attachment.lambda_policy",
            "module.lambda_function.aws_lambda_function.lambda_function",
            "module.lambda_function.aws_s3_object.lambda_code",
            "module.lambda_function.data.archive_file.lambda_code",
            "module.lambda_function.data.aws_s3_bucket.lambda_bucket"
          ]
        }
      ]
    },
    {
      "module": "module.api_gateway",
      "mode": "managed",
      "type": "aws_api_gateway_method",
      "name": "rest_api_get_method",
      "provider": "provider[\"registry.terraform.io/hashicorp/aws\"]",
      "instances": [
        {
          "schema_version": 0,
          "attributes": {
            "api_key_required": false,
            "authorization": "COGNITO_USER_POOLS",
            "authorization_scopes": [],
            "authorizer_id": "uncdkm",
            "http_method": "GET",
            "id": "agm-ua4uo081m4-4bl6ay-GET",
            "operation_name": "",
            "request_models": {},
            "request_parameters": {
              "method.request.path.proxy": true
            },
            "request_validator_id": "",
            "resource_id": "4bl6ay",
            "rest_api_id": "ua4uo081m4"
          },
          "sensitive_attributes": [],
          "private": "bnVsbA==",
          "dependencies": [
            "module.api_gateway.aws_api_gateway_authorizer.api_authorizer",
            "module.api_gateway.aws_api_gateway_resource.rest_api_resource",
            "module.api_gateway.aws_api_gateway_rest_api.rest_api",
            "module.cognito.aws_cognito_user_pool.user_pool",
            "module.lambda_function.aws_cloudwatch_log_group.lambda_log_group",
            "module.lambda_function.aws_iam_role.lambda_execution_role",
            "module.lambda_function.aws_iam_role_policy_attachment.lambda_policy",
            "module.lambda_function.aws_lambda_function.lambda_function",
            "module.lambda_function.aws_s3_object.lambda_code",
            "module.lambda_function.data.archive_file.lambda_code",
            "module.lambda_function.data.aws_s3_bucket.lambda_bucket"
          ]
        }
      ]
    },
    {
      "module": "module.api_gateway",
      "mode": "managed",
      "type": "aws_api_gateway_method_response",
      "name": "rest_api_get_method_response_200",
      "provider": "provider[\"registry.terraform.io/hashicorp/aws\"]",
      "instances": [
        {
          "schema_version": 0,
          "attributes": {
            "http_method": "GET",
            "id": "agmr-ua4uo081m4-4bl6ay-GET-200",
            "resource_id": "4bl6ay",
            "response_models": {},
            "response_parameters": {},
            "rest_api_id": "ua4uo081m4",
            "status_code": "200"
          },
          "sensitive_attributes": [],
          "private": "bnVsbA==",
          "dependencies": [
            "module.api_gateway.aws_api_gateway_authorizer.api_authorizer",
            "module.api_gateway.aws_api_gateway_method.rest_api_get_method",
            "module.api_gateway.aws_api_gateway_resource.rest_api_resource",
            "module.api_gateway.aws_api_gateway_rest_api.rest_api",
            "module.cognito.aws_cognito_user_pool.user_pool",
            "module.lambda_function.aws_cloudwatch_log_group.lambda_log_group",
            "module.lambda_function.aws_iam_role.lambda_execution_role",
            "module.lambda_function.aws_iam_role_policy_attachment.lambda_policy",
            "module.lambda_function.aws_lambda_function.lambda_function",
            "module.lambda_function.aws_s3_object.lambda_code",
            "module.lambda_function.data.archive_file.lambda_code",
            "module.lambda_function.data.aws_s3_bucket.lambda_bucket"
          ]
        }
      ]
    },
    {
      "module": "module.api_gateway",
      "mode": "managed",
      "type": "aws_api_gateway_resource",
      "name": "rest_api_resource",
      "provider": "provider[\"registry.terraform.io/hashicorp/aws\"]",
      "instances": [
        {
          "schema_version": 0,
          "attributes": {
            "id": "4bl6ay",
            "parent_id": "3at7qmag76",
            "path": "/movies",
            "path_part": "movies",
            "rest_api_id": "ua4uo081m4"
          },
          "sensitive_attributes": [],
          "private": "bnVsbA==",
          "dependencies": [
            "module.api_gateway.aws_api_gateway_rest_api.rest_api",
            "module.lambda_function.aws_cloudwatch_log_group.lambda_log_group",
            "module.lambda_function.aws_iam_role.lambda_execution_role",
            "module.lambda_function.aws_iam_role_policy_attachment.lambda_policy",
            "module.lambda_function.aws_lambda_function.lambda_function",
            "module.lambda_function.aws_s3_object.lambda_code",
            "module.lambda_function.data.archive_file.lambda_code",
            "module.lambda_function.data.aws_s3_bucket.lambda_bucket"
          ]
        }
      ]
    },
    {
      "module": "module.api_gateway",
      "mode": "managed",
      "type": "aws_api_gateway_rest_api",
      "name": "rest_api",
      "provider": "provider[\"registry.terraform.io/hashicorp/aws\"]",
      "instances": [
        {
          "schema_version": 0,
          "attributes": {
            "api_key_source": "HEADER",
            "arn": "arn:aws:apigateway:ap-northeast-1::/restapis/ua4uo081m4",
            "binary_media_types": [],
            "body": null,
            "created_date": "2023-06-22T09:30:15Z",
            "description": "",
            "disable_execute_api_endpoint": false,
            "endpoint_configuration": [
              {
                "types": [
                  "EDGE"
                ],
                "vpc_endpoint_ids": []
              }
            ],
            "execution_arn": "arn:aws:execute-api:ap-northeast-1:124718958862:ua4uo081m4",
            "id": "ua4uo081m4",
            "minimum_compression_size": -1,
            "name": "terraform-api-gateway-nodejs",
            "parameters": null,
            "policy": "",
            "root_resource_id": "3at7qmag76",
            "tags": {},
            "tags_all": {}
          },
          "sensitive_attributes": [],
          "private": "bnVsbA==",
          "dependencies": [
            "module.lambda_function.aws_cloudwatch_log_group.lambda_log_group",
            "module.lambda_function.aws_iam_role.lambda_execution_role",
            "module.lambda_function.aws_iam_role_policy_attachment.lambda_policy",
            "module.lambda_function.aws_lambda_function.lambda_function",
            "module.lambda_function.aws_s3_object.lambda_code",
            "module.lambda_function.data.archive_file.lambda_code",
            "module.lambda_function.data.aws_s3_bucket.lambda_bucket"
          ]
        }
      ]
    },
    {
      "module": "module.api_gateway",
      "mode": "managed",
      "type": "aws_api_gateway_stage",
      "name": "rest_api_stage",
      "provider": "provider[\"registry.terraform.io/hashicorp/aws\"]",
      "instances": [
        {
          "schema_version": 0,
          "attributes": {
            "access_log_settings": [],
            "arn": "arn:aws:apigateway:ap-northeast-1::/restapis/ua4uo081m4/stages/node",
            "cache_cluster_enabled": false,
            "cache_cluster_size": "",
            "client_certificate_id": "",
            "deployment_id": "f887d3",
            "description": "",
            "documentation_version": "",
            "execution_arn": "arn:aws:execute-api:ap-northeast-1:124718958862:ua4uo081m4/node",
            "id": "ags-ua4uo081m4-node",
            "invoke_url": "https://ua4uo081m4.execute-api.ap-northeast-1.amazonaws.com/node",
            "rest_api_id": "ua4uo081m4",
            "stage_name": "node",
            "tags": {},
            "tags_all": {},
            "variables": {},
            "web_acl_arn": "",
            "xray_tracing_enabled": false
          },
          "sensitive_attributes": [],
          "private": "bnVsbA==",
          "dependencies": [
            "module.api_gateway.aws_api_gateway_authorizer.api_authorizer",
            "module.api_gateway.aws_api_gateway_deployment.rest_api_deployment",
            "module.api_gateway.aws_api_gateway_integration.rest_api_get_method_integration",
            "module.api_gateway.aws_api_gateway_method.rest_api_get_method",
            "module.api_gateway.aws_api_gateway_resource.rest_api_resource",
            "module.api_gateway.aws_api_gateway_rest_api.rest_api",
            "module.cognito.aws_cognito_user_pool.user_pool",
            "module.lambda_function.aws_cloudwatch_log_group.lambda_log_group",
            "module.lambda_function.aws_iam_role.lambda_execution_role",
            "module.lambda_function.aws_iam_role_policy_attachment.lambda_policy",
            "module.lambda_function.aws_lambda_function.lambda_function",
            "module.lambda_function.aws_s3_object.lambda_code",
            "module.lambda_function.data.archive_file.lambda_code",
            "module.lambda_function.data.aws_s3_bucket.lambda_bucket"
          ]
        }
      ]
    },
    {
      "module": "module.api_gateway",
      "mode": "managed",
      "type": "aws_lambda_permission",
      "name": "api_gateway_lambda",
      "provider": "provider[\"registry.terraform.io/hashicorp/aws\"]",
      "instances": [
        {
          "schema_version": 0,
          "attributes": {
            "action": "lambda:InvokeFunction",
            "event_source_token": null,
            "function_name": "MovieLambda",
            "id": "AllowExecutionFromAPIGateway",
            "principal": "apigateway.amazonaws.com",
            "qualifier": "",
            "source_account": null,
            "source_arn": "arn:aws:execute-api:ap-northeast-1:124718958862:ua4uo081m4/*/GET/movies",
            "statement_id": "AllowExecutionFromAPIGateway",
            "statement_id_prefix": null
          },
          "sensitive_attributes": [],
          "private": "bnVsbA==",
          "dependencies": [
            "module.api_gateway.aws_api_gateway_authorizer.api_authorizer",
            "module.api_gateway.aws_api_gateway_method.rest_api_get_method",
            "module.api_gateway.aws_api_gateway_resource.rest_api_resource",
            "module.api_gateway.aws_api_gateway_rest_api.rest_api",
            "module.cognito.aws_cognito_user_pool.user_pool",
            "module.lambda_function.aws_cloudwatch_log_group.lambda_log_group",
            "module.lambda_function.aws_iam_role.lambda_execution_role",
            "module.lambda_function.aws_iam_role_policy_attachment.lambda_policy",
            "module.lambda_function.aws_lambda_function.lambda_function",
            "module.lambda_function.aws_s3_object.lambda_code",
            "module.lambda_function.data.archive_file.lambda_code",
            "module.lambda_function.data.aws_s3_bucket.lambda_bucket"
          ]
        }
      ]
    },
    {
      "module": "module.cognito",
      "mode": "managed",
      "type": "aws_cognito_user_pool",
      "name": "user_pool",
      "provider": "provider[\"registry.terraform.io/hashicorp/aws\"]",
      "instances": [
        {
          "schema_version": 0,
          "attributes": {
            "account_recovery_setting": [
              {
                "recovery_mechanism": [
                  {
                    "name": "verified_email",
                    "priority": 1
                  },
                  {
                    "name": "verified_phone_number",
                    "priority": 2
                  }
                ]
              }
            ],
            "admin_create_user_config": [
              {
                "allow_admin_create_user_only": false,
                "invite_message_template": []
              }
            ],
            "alias_attributes": null,
            "arn": "arn:aws:cognito-idp:ap-northeast-1:124718958862:userpool/ap-northeast-1_BbYcmFmd9",
            "auto_verified_attributes": null,
            "creation_date": "2023-06-22T10:55:36Z",
            "custom_domain": "",
            "device_configuration": [],
            "domain": "",
            "email_configuration": [
              {
                "configuration_set": "",
                "email_sending_account": "COGNITO_DEFAULT",
                "from_email_address": "",
                "reply_to_email_address": "",
                "source_arn": ""
              }
            ],
            "email_verification_message": null,
            "email_verification_subject": null,
            "endpoint": "cognito-idp.ap-northeast-1.amazonaws.com/ap-northeast-1_BbYcmFmd9",
            "estimated_number_of_users": 0,
            "id": "ap-northeast-1_BbYcmFmd9",
            "lambda_config": [],
            "last_modified_date": "2023-06-22T10:55:36Z",
            "mfa_configuration": "OFF",
            "name": "terraform-api-gateway-demo-pool",
            "password_policy": [
              {
                "minimum_length": 8,
                "require_lowercase": true,
                "require_numbers": true,
                "require_symbols": true,
                "require_uppercase": true,
                "temporary_password_validity_days": 7
              }
            ],
            "schema": [],
            "sms_authentication_message": null,
            "sms_configuration": [],
            "sms_verification_message": null,
            "software_token_mfa_configuration": [],
            "tags": null,
            "tags_all": {},
            "user_pool_add_ons": [],
            "username_attributes": null,
            "username_configuration": [
              {
                "case_sensitive": false
              }
            ],
            "verification_message_template": [
              {
                "default_email_option": "CONFIRM_WITH_CODE",
                "email_message": "",
                "email_message_by_link": "",
                "email_subject": "",
                "email_subject_by_link": "",
                "sms_message": ""
              }
            ]
          },
          "sensitive_attributes": [],
          "private": "bnVsbA=="
        }
      ]
    },
    {
      "module": "module.cognito",
      "mode": "managed",
      "type": "aws_cognito_user_pool_client",
      "name": "user_pool_client",
      "provider": "provider[\"registry.terraform.io/hashicorp/aws\"]",
      "instances": [
        {
          "schema_version": 0,
          "attributes": {
            "access_token_validity": 0,
            "allowed_oauth_flows": null,
            "allowed_oauth_flows_user_pool_client": false,
            "allowed_oauth_scopes": null,
            "analytics_configuration": [],
            "callback_urls": [],
            "client_secret": "",
            "default_redirect_uri": "",
            "enable_token_revocation": true,
            "explicit_auth_flows": [
              "ALLOW_REFRESH_TOKEN_AUTH",
              "ALLOW_USER_PASSWORD_AUTH"
            ],
            "generate_secret": null,
            "id": "4somknb77kjs3bhub108qm05r7",
            "id_token_validity": 0,
            "logout_urls": [],
            "name": "terraform-api-gateway-demo-client",
            "prevent_user_existence_errors": "",
            "read_attributes": null,
            "refresh_token_validity": 30,
            "supported_identity_providers": null,
            "token_validity_units": [],
            "user_pool_id": "ap-northeast-1_BbYcmFmd9",
            "write_attributes": null
          },
          "sensitive_attributes": [],
          "private": "bnVsbA==",
          "dependencies": [
            "module.cognito.aws_cognito_user_pool.user_pool"
          ]
        }
      ]
    },
    {
      "module": "module.lambda_function",
      "mode": "data",
      "type": "archive_file",
      "name": "lambda_code",
      "provider": "provider[\"registry.terraform.io/hashicorp/archive\"]",
      "instances": [
        {
          "schema_version": 0,
          "attributes": {
            "excludes": null,
            "id": "f57dbe8825101dc6a370890cfc014a01dea37493",
            "output_base64sha256": "eAEQFLVCPAynwAV010aA+2Te4blItaRsU7BVZ2uGo3o=",
            "output_md5": "5ab8c240c81199f3a68ede68507034b3",
            "output_path": "lambda_func/function_code.zip",
            "output_sha": "f57dbe8825101dc6a370890cfc014a01dea37493",
            "output_size": 15893,
            "source": [],
            "source_content": null,
            "source_content_filename": null,
            "source_dir": "lambda_func/function_code",
            "source_file": null,
            "type": "zip"
          },
          "sensitive_attributes": []
        }
      ]
    },
    {
      "module": "module.lambda_function",
      "mode": "data",
      "type": "aws_s3_bucket",
      "name": "lambda_bucket",
      "provider": "provider[\"registry.terraform.io/hashicorp/aws\"]",
      "instances": [
        {
          "schema_version": 0,
          "attributes": {
            "arn": "arn:aws:s3:::testapigatewaynodeapp",
            "bucket": "testapigatewaynodeapp",
            "bucket_domain_name": "testapigatewaynodeapp.s3.amazonaws.com",
            "bucket_regional_domain_name": "testapigatewaynodeapp.s3.ap-northeast-1.amazonaws.com",
            "hosted_zone_id": "Z2M4EHUR26P7ZW",
            "id": "testapigatewaynodeapp",
            "region": "ap-northeast-1",
            "website_domain": null,
            "website_endpoint": null
          },
          "sensitive_attributes": []
        }
      ]
    },
    {
      "module": "module.lambda_function",
      "mode": "managed",
      "type": "aws_cloudwatch_log_group",
      "name": "lambda_log_group",
      "provider": "provider[\"registry.terraform.io/hashicorp/aws\"]",
      "instances": [
        {
          "schema_version": 0,
          "attributes": {
            "arn": "arn:aws:logs:ap-northeast-1:124718958862:log-group:/aws/lambda/MovieLambda",
            "id": "/aws/lambda/MovieLambda",
            "kms_key_id": "",
            "name": "/aws/lambda/MovieLambda",
            "name_prefix": null,
            "retention_in_days": 30,
            "tags": {},
            "tags_all": {}
          },
          "sensitive_attributes": [],
          "private": "bnVsbA==",
          "dependencies": [
            "module.lambda_function.aws_iam_role.lambda_execution_role",
            "module.lambda_function.aws_lambda_function.lambda_function",
            "module.lambda_function.aws_s3_object.lambda_code",
            "module.lambda_function.data.archive_file.lambda_code",
            "module.lambda_function.data.aws_s3_bucket.lambda_bucket"
          ]
        }
      ]
    },
    {
      "module": "module.lambda_function",
      "mode": "managed",
      "type": "aws_iam_role",
      "name": "lambda_execution_role",
      "provider": "provider[\"registry.terraform.io/hashicorp/aws\"]",
      "instances": [
        {
          "schema_version": 0,
          "attributes": {
            "arn": "arn:aws:iam::124718958862:role/lambda_execution_role_MovieLambda",
            "assume_role_policy": "{\"Version\":\"2012-10-17\",\"Statement\":[{\"Sid\":\"\",\"Effect\":\"Allow\",\"Principal\":{\"Service\":\"lambda.amazonaws.com\"},\"Action\":\"sts:AssumeRole\"}]}",
            "create_date": "2023-06-22T09:43:41Z",
            "description": "",
            "force_detach_policies": false,
            "id": "lambda_execution_role_MovieLambda",
            "inline_policy": [
              {
                "name": "",
                "policy": ""
              }
            ],
            "managed_policy_arns": [
              "arn:aws:iam::aws:policy/service-role/AWSLambdaBasicExecutionRole"
            ],
            "max_session_duration": 3600,
            "name": "lambda_execution_role_MovieLambda",
            "name_prefix": "",
            "path": "/",
            "permissions_boundary": null,
            "tags": {},
            "tags_all": {},
            "unique_id": "AROAR2COUJEHN6ATMBH5T"
          },
          "sensitive_attributes": [],
          "private": "bnVsbA=="
        }
      ]
    },
    {
      "module": "module.lambda_function",
      "mode": "managed",
      "type": "aws_iam_role_policy_attachment",
      "name": "lambda_policy",
      "provider": "provider[\"registry.terraform.io/hashicorp/aws\"]",
      "instances": [
        {
          "schema_version": 0,
          "attributes": {
            "id": "lambda_execution_role_MovieLambda-20230622094346402900000001",
            "policy_arn": "arn:aws:iam::aws:policy/service-role/AWSLambdaBasicExecutionRole",
            "role": "lambda_execution_role_MovieLambda"
          },
          "sensitive_attributes": [],
          "private": "bnVsbA==",
          "dependencies": [
            "module.lambda_function.aws_iam_role.lambda_execution_role"
          ]
        }
      ]
    },
    {
      "module": "module.lambda_function",
      "mode": "managed",
      "type": "aws_lambda_function",
      "name": "lambda_function",
      "provider": "provider[\"registry.terraform.io/hashicorp/aws\"]",
      "instances": [
        {
          "schema_version": 0,
          "attributes": {
            "architectures": [
              "x86_64"
            ],
            "arn": "arn:aws:lambda:ap-northeast-1:124718958862:function:MovieLambda",
            "code_signing_config_arn": "",
            "dead_letter_config": [],
            "description": "",
            "environment": [],
            "file_system_config": [],
            "filename": null,
            "function_name": "MovieLambda",
            "handler": "index.handler",
            "id": "MovieLambda",
            "image_config": [],
            "image_uri": "",
            "invoke_arn": "arn:aws:apigateway:ap-northeast-1:lambda:path/2015-03-31/functions/arn:aws:lambda:ap-northeast-1:124718958862:function:MovieLambda/invocations",
            "kms_key_arn": "",
            "last_modified": "2023-06-22T10:55:38.000+0000",
            "layers": [],
            "memory_size": 128,
            "package_type": "Zip",
            "publish": false,
            "qualified_arn": "arn:aws:lambda:ap-northeast-1:124718958862:function:MovieLambda:$LATEST",
            "reserved_concurrent_executions": -1,
            "role": "arn:aws:iam::124718958862:role/lambda_execution_role_MovieLambda",
            "runtime": "nodejs14.x",
            "s3_bucket": "testapigatewaynodeapp",
            "s3_key": "function_code.zip",
            "s3_object_version": null,
            "signing_job_arn": "",
            "signing_profile_version_arn": "",
            "source_code_hash": "eAEQFLVCPAynwAV010aA+2Te4blItaRsU7BVZ2uGo3o=",
            "source_code_size": 15893,
            "tags": {},
            "tags_all": {},
            "timeout": 3,
            "timeouts": null,
            "tracing_config": [
              {
                "mode": "PassThrough"
              }
            ],
            "version": "$LATEST",
            "vpc_config": []
          },
          "sensitive_attributes": [],
          "private": "eyJlMmJmYjczMC1lY2FhLTExZTYtOGY4OC0zNDM2M2JjN2M0YzAiOnsiY3JlYXRlIjo2MDAwMDAwMDAwMDB9fQ==",
          "dependencies": [
            "module.lambda_function.aws_iam_role.lambda_execution_role",
            "module.lambda_function.aws_s3_object.lambda_code",
            "module.lambda_function.data.archive_file.lambda_code",
            "module.lambda_function.data.aws_s3_bucket.lambda_bucket"
          ]
        }
      ]
    },
    {
      "module": "module.lambda_function",
      "mode": "managed",
      "type": "aws_s3_object",
      "name": "lambda_code",
      "provider": "provider[\"registry.terraform.io/hashicorp/aws\"]",
      "instances": [
        {
          "schema_version": 0,
          "attributes": {
            "acl": "private",
            "bucket": "testapigatewaynodeapp",
            "bucket_key_enabled": false,
            "cache_control": "",
            "content": null,
            "content_base64": null,
            "content_disposition": "",
            "content_encoding": "",
            "content_language": "",
            "content_type": "binary/octet-stream",
            "etag": "5ab8c240c81199f3a68ede68507034b3",
            "force_destroy": false,
            "id": "function_code.zip",
            "key": "function_code.zip",
            "kms_key_id": null,
            "metadata": {},
            "object_lock_legal_hold_status": "",
            "object_lock_mode": "",
            "object_lock_retain_until_date": "",
            "server_side_encryption": "AES256",
            "source": "lambda_func/function_code.zip",
            "source_hash": null,
            "storage_class": "STANDARD",
            "tags": {},
            "tags_all": {},
            "version_id": "ieP8goPQ1Gikkayk2rcSfXsPp.jHDx5X",
            "website_redirect": ""
          },
          "sensitive_attributes": [],
          "private": "bnVsbA==",
          "dependencies": [
            "module.lambda_function.data.archive_file.lambda_code",
            "module.lambda_function.data.aws_s3_bucket.lambda_bucket"
          ]
        }
      ]
    }
  ],
  "check_results": null
}
